// !$*UTF8*$!
{
	archiveVersion = 1;
	classes = {
	};
	objectVersion = 50;
	objects = {

/* Begin PBXBuildFile section */
		AC84C4B82475D3E600EF582D /* AppDelegate.swift in Sources */ = {isa = PBXBuildFile; fileRef = AC84C4B72475D3E600EF582D /* AppDelegate.swift */; };
		AC84C4BA2475D3E600EF582D /* SceneDelegate.swift in Sources */ = {isa = PBXBuildFile; fileRef = AC84C4B92475D3E600EF582D /* SceneDelegate.swift */; };
		AC84C4BC2475D3E600EF582D /* ViewController.swift in Sources */ = {isa = PBXBuildFile; fileRef = AC84C4BB2475D3E600EF582D /* ViewController.swift */; };
		AC84C4BF2475D3E600EF582D /* Main.storyboard in Resources */ = {isa = PBXBuildFile; fileRef = AC84C4BD2475D3E600EF582D /* Main.storyboard */; };
		AC84C4C22475D3E600EF582D /* HSIS.xcdatamodeld in Sources */ = {isa = PBXBuildFile; fileRef = AC84C4C02475D3E600EF582D /* HSIS.xcdatamodeld */; };
		AC84C4C42475D3EF00EF582D /* Assets.xcassets in Resources */ = {isa = PBXBuildFile; fileRef = AC84C4C32475D3EF00EF582D /* Assets.xcassets */; };
		AC84C4C72475D3EF00EF582D /* LaunchScreen.storyboard in Resources */ = {isa = PBXBuildFile; fileRef = AC84C4C52475D3EF00EF582D /* LaunchScreen.storyboard */; };
/* End PBXBuildFile section */

/* Begin PBXFileReference section */
		AC84C4B42475D3E600EF582D /* HSIS.app */ = {isa = PBXFileReference; explicitFileType = wrapper.application; includeInIndex = 0; path = HSIS.app; sourceTree = BUILT_PRODUCTS_DIR; };
		AC84C4B72475D3E600EF582D /* AppDelegate.swift */ = {isa = PBXFileReference; lastKnownFileType = sourcecode.swift; path = AppDelegate.swift; sourceTree = "<group>"; };
		AC84C4B92475D3E600EF582D /* SceneDelegate.swift */ = {isa = PBXFileReference; lastKnownFileType = sourcecode.swift; path = SceneDelegate.swift; sourceTree = "<group>"; };
		AC84C4BB2475D3E600EF582D /* ViewController.swift */ = {isa = PBXFileReference; lastKnownFileType = sourcecode.swift; path = ViewController.swift; sourceTree = "<group>"; };
		AC84C4BE2475D3E600EF582D /* Base */ = {isa = PBXFileReference; lastKnownFileType = file.storyboard; name = Base; path = Base.lproj/Main.storyboard; sourceTree = "<group>"; };
		AC84C4C12475D3E600EF582D /* HSIS.xcdatamodel */ = {isa = PBXFileReference; lastKnownFileType = wrapper.xcdatamodel; path = HSIS.xcdatamodel; sourceTree = "<group>"; };
		AC84C4C32475D3EF00EF582D /* Assets.xcassets */ = {isa = PBXFileReference; lastKnownFileType = folder.assetcatalog; path = Assets.xcassets; sourceTree = "<group>"; };
		AC84C4C62475D3EF00EF582D /* Base */ = {isa = PBXFileReference; lastKnownFileType = file.storyboard; name = Base; path = Base.lproj/LaunchScreen.storyboard; sourceTree = "<group>"; };
		AC84C4C82475D3EF00EF582D /* Info.plist */ = {isa = PBXFileReference; lastKnownFileType = text.plist.xml; path = Info.plist; sourceTree = "<group>"; };
/* End PBXFileReference section */

/* Begin PBXFrameworksBuildPhase section */
		AC84C4B12475D3E600EF582D /* Frameworks */ = {
			isa = PBXFrameworksBuildPhase;
			buildActionMask = 2147483647;
			files = (
			);
			runOnlyForDeploymentPostprocessing = 0;
		};
/* End PBXFrameworksBuildPhase section */

/* Begin PBXGroup section */
		AC84C4AB2475D3E600EF582D = {
			isa = PBXGroup;
			children = (
				AC84C4B62475D3E600EF582D /* HSIS */,
				AC84C4B52475D3E600EF582D /* Products */,
			);
			sourceTree = "<group>";
		};
		AC84C4B52475D3E600EF582D /* Products */ = {
			isa = PBXGroup;
			children = (
				AC84C4B42475D3E600EF582D /* HSIS.app */,
			);
			name = Products;
			sourceTree = "<group>";
		};
		AC84C4B62475D3E600EF582D /* HSIS */ = {
			isa = PBXGroup;
			children = (
				AC84C4B72475D3E600EF582D /* AppDelegate.swift */,
				AC84C4B92475D3E600EF582D /* SceneDelegate.swift */,
				AC84C4BB2475D3E600EF582D /* ViewController.swift */,
				AC84C4BD2475D3E600EF582D /* Main.storyboard */,
				AC84C4C32475D3EF00EF582D /* Assets.xcassets */,
				AC84C4C52475D3EF00EF582D /* LaunchScreen.storyboard */,
				AC84C4C82475D3EF00EF582D /* Info.plist */,
				AC84C4C02475D3E600EF582D /* HSIS.xcdatamodeld */,
			);
			path = HSIS;
			sourceTree = "<group>";
		};
/* End PBXGroup section */

/* Begin PBXNativeTarget section */
		AC84C4B32475D3E600EF582D /* HSIS */ = {
			isa = PBXNativeTarget;
			buildConfigurationList = AC84C4CB2475D3EF00EF582D /* Build configuration list for PBXNativeTarget "HSIS" */;
			buildPhases = (
				AC84C4B02475D3E600EF582D /* Sources */,
				AC84C4B12475D3E600EF582D /* Frameworks */,
				AC84C4B22475D3E600EF582D /* Resources */,
			);
			buildRules = (
			);
			dependencies = (
			);
			name = HSIS;
			productName = HSIS;
			productReference = AC84C4B42475D3E600EF582D /* HSIS.app */;
			productType = "com.apple.product-type.application";
		};
/* End PBXNativeTarget section */

/* Begin PBXProject section */
		AC84C4AC2475D3E600EF582D /* Project object */ = {
			isa = PBXProject;
			attributes = {
				LastSwiftUpdateCheck = 1140;
				LastUpgradeCheck = 1140;
				ORGANIZATIONNAME = "Ritik Suryawanshi";
				TargetAttributes = {
					AC84C4B32475D3E600EF582D = {
						CreatedOnToolsVersion = 11.4.1;
					};
				};
			};
			buildConfigurationList = AC84C4AF2475D3E600EF582D /* Build configuration list for PBXProject "HSIS" */;
			compatibilityVersion = "Xcode 9.3";
			developmentRegion = en;
			hasScannedForEncodings = 0;
			knownRegions = (
				en,
				Base,
			);
			mainGroup = AC84C4AB2475D3E600EF582D;
			productRefGroup = AC84C4B52475D3E600EF582D /* Products */;
			projectDirPath = "";
			projectRoot = "";
			targets = (
				AC84C4B32475D3E600EF582D /* HSIS */,
			);
		};
/* End PBXProject section */

/* Begin PBXResourcesBuildPhase section */
		AC84C4B22475D3E600EF582D /* Resources */ = {
			isa = PBXResourcesBuildPhase;
			buildActionMask = 2147483647;
			files = (
				AC84C4C72475D3EF00EF582D /* LaunchScreen.storyboard in Resources */,
				AC84C4C42475D3EF00EF582D /* Assets.xcassets in Resources */,
				AC84C4BF2475D3E600EF582D /* Main.storyboard in Resources */,
			);
			runOnlyForDeploymentPostprocessing = 0;
		};
/* End PBXResourcesBuildPhase section */

/* Begin PBXSourcesBuildPhase section */
		AC84C4B02475D3E600EF582D /* Sources */ = {
			isa = PBXSourcesBuildPhase;
			buildActionMask = 2147483647;
			files = (
				AC84C4C22475D3E600EF582D /* HSIS.xcdatamodeld in Sources */,
				AC84C4BC2475D3E600EF582D /* ViewController.swift in Sources */,
				AC84C4B82475D3E600EF582D /* AppDelegate.swift in Sources */,
				AC84C4BA2475D3E600EF582D /* SceneDelegate.swift in Sources */,
			);
			runOnlyForDeploymentPostprocessing = 0;
		};
/* End PBXSourcesBuildPhase section */

/* Begin PBXVariantGroup section */
		AC84C4BD2475D3E600EF582D /* Main.storyboard */ = {
			isa = PBXVariantGroup;
			children = (
				AC84C4BE2475D3E600EF582D /* Base */,
			);
			name = Main.storyboard;
			sourceTree = "<group>";
		};
		AC84C4C52475D3EF00EF582D /* LaunchScreen.storyboard */ = {
			isa = PBXVariantGroup;
			children = (
				AC84C4C62475D3EF00EF582D /* Base */,
			);
			name = LaunchScreen.storyboard;
			sourceTree = "<group>";
		};
/* End PBXVariantGroup section */

/* Begin XCBuildConfiguration section */
		AC84C4C92475D3EF00EF582D /* Debug */ = {
			isa = XCBuildConfiguration;
			buildSettings = {
				ALWAYS_SEARCH_USER_PATHS = NO;
				CLANG_ANALYZER_NONNULL = YES;
				CLANG_ANALYZER_NUMBER_OBJECT_CONVERSION = YES_AGGRESSIVE;
				CLANG_CXX_LANGUAGE_STANDARD = "gnu++14";
				CLANG_CXX_LIBRARY = "libc++";
				CLANG_ENABLE_MODULES = YES;
				CLANG_ENABLE_OBJC_ARC = YES;
				CLANG_ENABLE_OBJC_WEAK = YES;
				CLANG_WARN_BLOCK_CAPTURE_AUTORELEASING = YES;
				CLANG_WARN_BOOL_CONVERSION = YES;
				CLANG_WARN_COMMA = YES;
				CLANG_WARN_CONSTANT_CONVERSION = YES;
				CLANG_WARN_DEPRECATED_OBJC_IMPLEMENTATIONS = YES;
				CLANG_WARN_DIRECT_OBJC_ISA_USAGE = YES_ERROR;
				CLANG_WARN_DOCUMENTATION_COMMENTS = YES;
				CLANG_WARN_EMPTY_BODY = YES;
				CLANG_WARN_ENUM_CONVERSION = YES;
				CLANG_WARN_INFINITE_RECURSION = YES;
				CLANG_WARN_INT_CONVERSION = YES;
				CLANG_WARN_NON_LITERAL_NULL_CONVERSION = YES;
				CLANG_WARN_OBJC_IMPLICIT_RETAIN_SELF = YES;
				CLANG_WARN_OBJC_LITERAL_CONVERSION = YES;
				CLANG_WARN_OBJC_ROOT_CLASS = YES_ERROR;
				CLANG_WARN_RANGE_LOOP_ANALYSIS = YES;
				CLANG_WARN_STRICT_PROTOTYPES = YES;
				CLANG_WARN_SUSPICIOUS_MOVE = YES;
				CLANG_WARN_UNGUARDED_AVAILABILITY = YES_AGGRESSIVE;
				CLANG_WARN_UNREACHABLE_CODE = YES;
				CLANG_WARN__DUPLICATE_METHOD_MATCH = YES;
				COPY_PHASE_STRIP = NO;
				DEBUG_INFORMATION_FORMAT = dwarf;
				ENABLE_STRICT_OBJC_MSGSEND = YES;
				ENABLE_TESTABILITY = YES;
				GCC_C_LANGUAGE_STANDARD = gnu11;
				GCC_DYNAMIC_NO_PIC = NO;
				GCC_NO_COMMON_BLOCKS = YES;
				GCC_OPTIMIZATION_LEVEL = 0;
				GCC_PREPROCESSOR_DEFINITIONS = (
					"DEBUG=1",
					"$(inherited)",
				);
				GCC_WARN_64_TO_32_BIT_CONVERSION = YES;
				GCC_WARN_ABOUT_RETURN_TYPE = YES_ERROR;
				GCC_WARN_UNDECLARED_SELECTOR = YES;
				GCC_WARN_UNINITIALIZED_AUTOS = YES_AGGRESSIVE;
				GCC_WARN_UNUSED_FUNCTION = YES;
				GCC_WARN_UNUSED_VARIABLE = YES;
				IPHONEOS_DEPLOYMENT_TARGET = 13.4;
				MTL_ENABLE_DEBUG_INFO = INCLUDE_SOURCE;
				MTL_FAST_MATH = YES;
				ONLY_ACTIVE_ARCH = YES;
				SDKROOT = iphoneos;
				SWIFT_ACTIVE_COMPILATION_CONDITIONS = DEBUG;
				SWIFT_OPTIMIZATION_LEVEL = "-Onone";
			};
			name = Debug;
		};
		AC84C4CA2475D3EF00EF582D /* Release */ = {
			isa = XCBuildConfiguration;
			buildSettings = {
				ALWAYS_SEARCH_USER_PATHS = NO;
				CLANG_ANALYZER_NONNULL = YES;
				CLANG_ANALYZER_NUMBER_OBJECT_CONVERSION = YES_AGGRESSIVE;
				CLANG_CXX_LANGUAGE_STANDARD = "gnu++14";
				CLANG_CXX_LIBRARY = "libc++";
				CLANG_ENABLE_MODULES = YES;
				CLANG_ENABLE_OBJC_ARC = YES;
				CLANG_ENABLE_OBJC_WEAK = YES;
				CLANG_WARN_BLOCK_CAPTURE_AUTORELEASING = YES;
				CLANG_WARN_BOOL_CONVERSION = YES;
				CLANG_WARN_COMMA = YES;
				CLANG_WARN_CONSTANT_CONVERSION = YES;
				CLANG_WARN_DEPRECATED_OBJC_IMPLEMENTATIONS = YES;
				CLANG_WARN_DIRECT_OBJC_ISA_USAGE = YES_ERROR;
				CLANG_WARN_DOCUMENTATION_COMMENTS = YES;
				CLANG_WARN_EMPTY_BODY = YES;
				CLANG_WARN_ENUM_CONVERSION = YES;
				CLANG_WARN_INFINITE_RECURSION = YES;
				CLANG_WARN_INT_CONVERSION = YES;
				CLANG_WARN_NON_LITERAL_NULL_CONVERSION = YES;
				CLANG_WARN_OBJC_IMPLICIT_RETAIN_SELF = YES;
				CLANG_WARN_OBJC_LITERAL_CONVERSION = YES;
				CLANG_WARN_OBJC_ROOT_CLASS = YES_ERROR;
				CLANG_WARN_RANGE_LOOP_ANALYSIS = YES;
				CLANG_WARN_STRICT_PROTOTYPES = YES;
				CLANG_WARN_SUSPICIOUS_MOVE = YES;
				CLANG_WARN_UNGUARDED_AVAILABILITY = YES_AGGRESSIVE;
				CLANG_WARN_UNREACHABLE_CODE = YES;
				CLANG_WARN__DUPLICATE_METHOD_MATCH = YES;
				COPY_PHASE_STRIP = NO;
				DEBUG_INFORMATION_FORMAT = "dwarf-with-dsym";
				ENABLE_NS_ASSERTIONS = NO;
				ENABLE_STRICT_OBJC_MSGSEND = YES;
				GCC_C_LANGUAGE_STANDARD = gnu11;
				GCC_NO_COMMON_BLOCKS = YES;
				GCC_WARN_64_TO_32_BIT_CONVERSION = YES;
				GCC_WARN_ABOUT_RETURN_TYPE = YES_ERROR;
				GCC_WARN_UNDECLARED_SELECTOR = YES;
				GCC_WARN_UNINITIALIZED_AUTOS = YES_AGGRESSIVE;
				GCC_WARN_UNUSED_FUNCTION = YES;
				GCC_WARN_UNUSED_VARIABLE = YES;
				IPHONEOS_DEPLOYMENT_TARGET = 13.4;
				MTL_ENABLE_DEBUG_INFO = NO;
				MTL_FAST_MATH = YES;
				SDKROOT = iphoneos;
				SWIFT_COMPILATION_MODE = wholemodule;
				SWIFT_OPTIMIZATION_LEVEL = "-O";
				VALIDATE_PRODUCT = YES;
			};
			name = Release;
		};
		AC84C4CC2475D3EF00EF582D /* Debug */ = {
			isa = XCBuildConfiguration;
			buildSettings = {
				ASSETCATALOG_COMPILER_APPICON_NAME = AppIcon;
				CODE_SIGN_STYLE = Automatic;
				DEVELOPMENT_TEAM = 3J5VB57DAA;
				INFOPLIST_FILE = HSIS/Info.plist;
				LD_RUNPATH_SEARCH_PATHS = (
					"$(inherited)",
					"@executable_path/Frameworks",
				);
				PRODUCT_BUNDLE_IDENTIFIER = ritik.suryawanshi.HSIS;
				PRODUCT_NAME = "$(TARGET_NAME)";
				SWIFT_VERSION = 5.0;
				TARGETED_DEVICE_FAMILY = "1,2";
			};
			name = Debug;
		};
		AC84C4CD2475D3EF00EF582D /* Release */ = {
			isa = XCBuildConfiguration;
			buildSettings = {
				ASSETCATALOG_COMPILER_APPICON_NAME = AppIcon;
				CODE_SIGN_STYLE = Automatic;
				DEVELOPMENT_TEAM = 3J5VB57DAA;
				INFOPLIST_FILE = HSIS/Info.plist;
				LD_RUNPATH_SEARCH_PATHS = (
					"$(inherited)",
					"@executable_path/Frameworks",
				);
				PRODUCT_BUNDLE_IDENTIFIER = ritik.suryawanshi.HSIS;
				PRODUCT_NAME = "$(TARGET_NAME)";
				SWIFT_VERSION = 5.0;
				TARGETED_DEVICE_FAMILY = "1,2";
			};
			name = Release;
		};
/* End XCBuildConfiguration section */

/* Begin XCConfigurationList section */
		AC84C4AF2475D3E600EF582D /* Build configuration list for PBXProject "HSIS" */ = {
			isa = XCConfigurationList;
			buildConfigurations = (
				AC84C4C92475D3EF00EF582D /* Debug */,
				AC84C4CA2475D3EF00EF582D /* Release */,
			);
			defaultConfigurationIsVisible = 0;
			defaultConfigurationName = Release;
		};
		AC84C4CB2475D3EF00EF582D /* Build configuration list for PBXNativeTarget "HSIS" */ = {
			isa = XCConfigurationList;
			buildConfigurations = (
				AC84C4CC2475D3EF00EF582D /* Debug */,
				AC84C4CD2475D3EF00EF582D /* Release */,
			);
			defaultConfigurationIsVisible = 0;
			defaultConfigurationName = Release;
		};
/* End XCConfigurationList section */

/* Begin XCVersionGroup section */
		AC84C4C02475D3E600EF582D /* HSIS.xcdatamodeld */ = {
			isa = XCVersionGroup;
			children = (
				AC84C4C12475D3E600EF582D /* HSIS.xcdatamodel */,
			);
			currentVersion = AC84C4C12475D3E600EF582D /* HSIS.xcdatamodel */;
			path = HSIS.xcdatamodeld;
			sourceTree = "<group>";
			versionGroupType = wrapper.xcdatamodel;
		};
/* End XCVersionGroup section */
	};
	rootObject = AC84C4AC2475D3E600EF582D /* Project object */;
}
